{
  "name": "@genese/react",
  "version": "0.0.1",
  "lockfileVersion": 1,
  "requires": true,
  "dependencies": {
    "@types/node": {
      "version": "14.14.8",
      "resolved": "http://localhost:4873/@types%2fnode/-/node-14.14.8.tgz",
      "integrity": "sha512-z/5Yd59dCKI5kbxauAJgw6dLPzW+TNOItNE00PkpzNwUIEwdj/Lsqwq94H5DdYBX7C13aRA0CY32BK76+neEUA=="
    },
    "axios": {
      "version": "0.21.0",
      "resolved": "http://localhost:4873/axios/-/axios-0.21.0.tgz",
      "integrity": "sha512-fmkJBknJKoZwem3/IKSSLpkdNXZeBu5Q7GA/aRsr2btgrptmSCxi2oFjZHqGdK9DoTil9PIHlPIZw2EcRJXRvw==",
      "requires": {
        "follow-redirects": "^1.10.0"
      }
    },
    "follow-redirects": {
      "version": "1.13.0",
      "resolved": "http://localhost:4873/follow-redirects/-/follow-redirects-1.13.0.tgz",
      "integrity": "sha512-aq6gF1BEKje4a9i9+5jimNFIpq4Q1WiwBToeRK5NvZBd/TRsmW8BsJfOEGkr76TbOyPVD3OVDN910EcUNtRYEA=="
    },
    "genese-mapper": {
      "version": "1.0.6",
      "resolved": "http://localhost:4873/genese-mapper/-/genese-mapper-1.0.6.tgz",
      "integrity": "sha512-HDXBja8bfiTXJsdPKyi8V0NjnyVC1m3z9nZHiA4Ah+CQI+IOgz1GSJBDAY5zrJgCzJBuVzDXDHV+nl7QAS/MqA=="
    }
  }
}
